<?xml version="1.0" encoding="utf-8"?>
<Project ToolsVersion="4.0" xmlns="http://schemas.microsoft.com/developer/msbuild/2003">
  <ItemGroup>
    <Filter Include="Source Files">
      <UniqueIdentifier>{4FC737F1-C7A5-4376-A066-2A32D752A2FF}</UniqueIdentifier>
      <Extensions>cpp;c;cc;cxx;def;odl;idl;hpj;bat;asm;asmx</Extensions>
    </Filter>
    <Filter Include="Header Files">
      <UniqueIdentifier>{93995380-89BD-4b04-88EB-625FBE52EBFB}</UniqueIdentifier>
      <Extensions>h;hh;hpp;hxx;hm;inl;inc;ipp;xsd</Extensions>
    </Filter>
    <Filter Include="Resource Files">
      <UniqueIdentifier>{67DA6AB6-F800-4c08-8B7A-83BB121AAD01}</UniqueIdentifier>
      <Extensions>rc;ico;cur;bmp;dlg;rc2;rct;bin;rgs;gif;jpg;jpeg;jpe;resx;tiff;tif;png;wav;mfcribbon-ms</Extensions>
    </Filter>
  </ItemGroup>
  <ItemGroup>
    <ClCompile Include="Audio\MusicPlayer.cpp">
      <Filter>Source Files</Filter>
    </ClCompile>
    <ClCompile Include="Graphics\Sprite.cpp">
      <Filter>Source Files</Filter>
    </ClCompile>
    <ClCompile Include="Graphics\SpriteRenderer.cpp">
      <Filter>Source Files</Filter>
    </ClCompile>
    <ClCompile Include="Graphics\TextItem.cpp">
      <Filter>Source Files</Filter>
    </ClCompile>
    <ClCompile Include="Util\Random.cpp">
      <Filter>Source Files</Filter>
    </ClCompile>
    <ClCompile Include="FileSystem\FileReaders\FileReader.cpp">
      <Filter>Source Files</Filter>
    </ClCompile>
    <ClCompile Include="FileSystem\ImageReaders\ImageReader.cpp">
      <Filter>Source Files</Filter>
    </ClCompile>
    <ClCompile Include="FileSystem\DirectoryIterator.cpp">
      <Filter>Source Files</Filter>
    </ClCompile>
    <ClCompile Include="FileSystem\Tags.cpp">
      <Filter>Source Files</Filter>
    </ClCompile>
    <ClCompile Include="FileSystem\FileReaders\WordSetReader.cpp">
      <Filter>Source Files</Filter>
    </ClCompile>
    <ClCompile Include="FileSystem\FileReaders\SettingsReader.cpp">
      <Filter>Source Files</Filter>
    </ClCompile>
    <ClCompile Include="WordSets\WordBank.cpp">
      <Filter>Source Files</Filter>
    </ClCompile>
    <ClCompile Include="WordSets\WordSet.cpp">
      <Filter>Source Files</Filter>
    </ClCompile>
    <ClCompile Include="stdafx.cpp">
      <Filter>Source Files</Filter>
    </ClCompile>
    <ClCompile Include="Graphics\Window.cpp">
      <Filter>Source Files</Filter>
    </ClCompile>
    <ClCompile Include="Graphics\Components\IndexBuffer.cpp">
      <Filter>Source Files</Filter>
    </ClCompile>
    <ClCompile Include="Graphics\Components\Shader.cpp">
      <Filter>Source Files</Filter>
    </ClCompile>
    <ClCompile Include="Graphics\Components\Texture.cpp">
      <Filter>Source Files</Filter>
    </ClCompile>
    <ClCompile Include="Graphics\Color.cpp">
      <Filter>Source Files</Filter>
    </ClCompile>
  </ItemGroup>
  <ItemGroup>
    <ClInclude Include="Audio\MusicPlayer.h">
      <Filter>Header Files</Filter>
    </ClInclude>
    <ClInclude Include="Graphics\Sprite.h">
      <Filter>Header Files</Filter>
    </ClInclude>
    <ClInclude Include="Graphics\SpriteRenderer.h">
      <Filter>Header Files</Filter>
    </ClInclude>
    <ClInclude Include="Graphics\TextItem.h">
      <Filter>Header Files</Filter>
    </ClInclude>
    <ClInclude Include="Util\Random.h">
      <Filter>Header Files</Filter>
    </ClInclude>
    <ClInclude Include="FileSystem\FileReaders\FileReader.h">
      <Filter>Header Files</Filter>
    </ClInclude>
    <ClInclude Include="FileSystem\ImageReaders\ImageReader.h">
      <Filter>Header Files</Filter>
    </ClInclude>
    <ClInclude Include="FileSystem\DirectoryIterator.h">
      <Filter>Header Files</Filter>
    </ClInclude>
    <ClInclude Include="FileSystem\Tags.h">
      <Filter>Header Files</Filter>
    </ClInclude>
    <ClInclude Include="FileSystem\FileReaders\WordSetReader.h">
      <Filter>Header Files</Filter>
    </ClInclude>
    <ClInclude Include="FileSystem\FileReaders\SettingsReader.h">
      <Filter>Header Files</Filter>
    </ClInclude>
    <ClInclude Include="Game.h">
      <Filter>Header Files</Filter>
    </ClInclude>
    <ClInclude Include="WordSets\WordBank.h">
      <Filter>Header Files</Filter>
    </ClInclude>
    <ClInclude Include="WordSets\WordSet.h">
      <Filter>Header Files</Filter>
    </ClInclude>
    <ClInclude Include="stdafx.h">
      <Filter>Header Files</Filter>
    </ClInclude>
    <ClInclude Include="Graphics\Window.h">
      <Filter>Header Files</Filter>
    </ClInclude>
    <ClInclude Include="Graphics\Components\IndexBuffer.h">
      <Filter>Header Files</Filter>
    </ClInclude>
    <ClInclude Include="Graphics\Components\Shader.h">
      <Filter>Header Files</Filter>
    </ClInclude>
    <ClInclude Include="Graphics\Components\Texture.h">
      <Filter>Header Files</Filter>
    </ClInclude>
    <ClInclude Include="Graphics\Color.h">
      <Filter>Header Files</Filter>
    </ClInclude>
  </ItemGroup>
</Project>