<?xml version="1.0" encoding="utf-8"?>
<Project ToolsVersion="4.0" xmlns="http://schemas.microsoft.com/developer/msbuild/2003">
  <ItemGroup>
    <Filter Include="Source Files">
      <UniqueIdentifier>{4FC737F1-C7A5-4376-A066-2A32D752A2FF}</UniqueIdentifier>
      <Extensions>cpp;c;cc;cxx;def;odl;idl;hpj;bat;asm;asmx</Extensions>
    </Filter>
    <Filter Include="Header Files">
      <UniqueIdentifier>{93995380-89BD-4b04-88EB-625FBE52EBFB}</UniqueIdentifier>
      <Extensions>h;hh;hpp;hxx;hm;inl;inc;ipp;xsd</Extensions>
    </Filter>
    <Filter Include="Resource Files">
      <UniqueIdentifier>{67DA6AB6-F800-4c08-8B7A-83BB121AAD01}</UniqueIdentifier>
      <Extensions>rc;ico;cur;bmp;dlg;rc2;rct;bin;rgs;gif;jpg;jpeg;jpe;resx;tiff;tif;png;wav;mfcribbon-ms</Extensions>
    </Filter>
  </ItemGroup>
  <ItemGroup>
    <ClCompile Include="Menus\MainMenu\Play\SelectGalaxy.cpp">
      <Filter>Source Files</Filter>
    </ClCompile>
    <ClCompile Include="Menus\MainMenu\MainMenu.cpp">
      <Filter>Source Files</Filter>
    </ClCompile>
    <ClCompile Include="Menus\PauseMenu\PauseMenu.cpp">
      <Filter>Source Files</Filter>
    </ClCompile>
    <ClCompile Include="Saving\SelectGameMode.cpp">
      <Filter>Source Files</Filter>
    </ClCompile>
    <ClCompile Include="Saving\SelectCivilization.cpp">
      <Filter>Source Files</Filter>
    </ClCompile>
    <ClCompile Include="BaseStates\Menu\Menu.cpp">
      <Filter>Source Files</Filter>
    </ClCompile>
    <ClCompile Include="BaseStates\Menu\MenuItems\MenuItem.cpp">
      <Filter>Source Files</Filter>
    </ClCompile>
    <ClCompile Include="BaseStates\Menu\MenuItems\MenuSelectField.cpp">
      <Filter>Source Files</Filter>
    </ClCompile>
    <ClCompile Include="BaseStates\Menu\MenuItems\MenuTextField.cpp">
      <Filter>Source Files</Filter>
    </ClCompile>
    <ClCompile Include="Menus\MainMenu\Credits\Credits.cpp">
      <Filter>Source Files</Filter>
    </ClCompile>
    <ClCompile Include="Menus\MainMenu\TestScreens\SpriteLoadTest.cpp">
      <Filter>Source Files</Filter>
    </ClCompile>
    <ClCompile Include="GalaxyGeneration\GalaxySettings.cpp">
      <Filter>Source Files</Filter>
    </ClCompile>
    <ClCompile Include="GalaxyGeneration\GeneratingGalaxy.cpp">
      <Filter>Source Files</Filter>
    </ClCompile>
    <ClCompile Include="Menus\MainMenu\TestScreens\ColorTest.cpp">
      <Filter>Source Files</Filter>
    </ClCompile>
    <ClCompile Include="Saving\SavingGalaxy.cpp">
      <Filter>Source Files</Filter>
    </ClCompile>
    <ClCompile Include="Saving\LoadingGalaxy.cpp">
      <Filter>Source Files</Filter>
    </ClCompile>
    <ClCompile Include="stdafx.cpp">
      <Filter>Source Files</Filter>
    </ClCompile>
    <ClCompile Include="Modes\Lore\LoreScreen.cpp">
      <Filter>Source Files</Filter>
    </ClCompile>
    <ClCompile Include="Modes\Singularity\Comms\Transmissions\Transmission.cpp">
      <Filter>Source Files</Filter>
    </ClCompile>
    <ClCompile Include="Modes\Singularity\Comms\CommsScreen.cpp">
      <Filter>Source Files</Filter>
    </ClCompile>
    <ClCompile Include="Modes\Singularity\Comms\FirstContactScreen.cpp">
      <Filter>Source Files</Filter>
    </ClCompile>
    <ClCompile Include="Modes\Singularity\PlanetTerrain.cpp">
      <Filter>Source Files</Filter>
    </ClCompile>
    <ClCompile Include="Modes\Singularity\SolarSystem.cpp">
      <Filter>Source Files</Filter>
    </ClCompile>
    <ClCompile Include="Modes\Singularity\Starchart.cpp">
      <Filter>Source Files</Filter>
    </ClCompile>
    <ClCompile Include="GalaxyGeneration\GalaxyGenSettings.cpp">
      <Filter>Source Files</Filter>
    </ClCompile>
  </ItemGroup>
  <ItemGroup>
    <ClInclude Include="Menus\MainMenu\Play\SelectGalaxy.h">
      <Filter>Header Files</Filter>
    </ClInclude>
    <ClInclude Include="Menus\MainMenu\MainMenu.h">
      <Filter>Header Files</Filter>
    </ClInclude>
    <ClInclude Include="Menus\PauseMenu\PauseMenu.h">
      <Filter>Header Files</Filter>
    </ClInclude>
    <ClInclude Include="Saving\SelectGameMode.h">
      <Filter>Header Files</Filter>
    </ClInclude>
    <ClInclude Include="Saving\SelectCivilization.h">
      <Filter>Header Files</Filter>
    </ClInclude>
    <ClInclude Include="GalaxyGeneration\GalaxyGenSettings.h">
      <Filter>Header Files</Filter>
    </ClInclude>
    <ClInclude Include="BaseStates\Menu\Menu.h">
      <Filter>Header Files</Filter>
    </ClInclude>
    <ClInclude Include="BaseStates\Menu\MenuItems\MenuItem.h">
      <Filter>Header Files</Filter>
    </ClInclude>
    <ClInclude Include="BaseStates\Menu\MenuItems\MenuSelectField.h">
      <Filter>Header Files</Filter>
    </ClInclude>
    <ClInclude Include="BaseStates\Menu\MenuItems\MenuTextField.h">
      <Filter>Header Files</Filter>
    </ClInclude>
    <ClInclude Include="Menus\MainMenu\Credits\Credits.h">
      <Filter>Header Files</Filter>
    </ClInclude>
    <ClInclude Include="Menus\MainMenu\TestScreens\SpriteLoadTest.h">
      <Filter>Header Files</Filter>
    </ClInclude>
    <ClInclude Include="GalaxyGeneration\GalaxySettings.h">
      <Filter>Header Files</Filter>
    </ClInclude>
    <ClInclude Include="GalaxyGeneration\GeneratingGalaxy.h">
      <Filter>Header Files</Filter>
    </ClInclude>
    <ClInclude Include="Menus\MainMenu\TestScreens\ColorTest.h">
      <Filter>Header Files</Filter>
    </ClInclude>
    <ClInclude Include="Saving\SavingGalaxy.h">
      <Filter>Header Files</Filter>
    </ClInclude>
    <ClInclude Include="Saving\LoadingGalaxy.h">
      <Filter>Header Files</Filter>
    </ClInclude>
    <ClInclude Include="stdafx.h">
      <Filter>Header Files</Filter>
    </ClInclude>
    <ClInclude Include="Modes\Lore\LoreScreen.h">
      <Filter>Header Files</Filter>
    </ClInclude>
    <ClInclude Include="Modes\Singularity\Comms\Transmissions\Transmission.h">
      <Filter>Header Files</Filter>
    </ClInclude>
    <ClInclude Include="Modes\Singularity\Comms\CommsScreen.h">
      <Filter>Header Files</Filter>
    </ClInclude>
    <ClInclude Include="Modes\Singularity\Comms\FirstContactScreen.h">
      <Filter>Header Files</Filter>
    </ClInclude>
    <ClInclude Include="Modes\Singularity\PlanetTerrain.h">
      <Filter>Header Files</Filter>
    </ClInclude>
    <ClInclude Include="Modes\Singularity\SolarSystem.h">
      <Filter>Header Files</Filter>
    </ClInclude>
    <ClInclude Include="Modes\Singularity\Starchart.h">
      <Filter>Header Files</Filter>
    </ClInclude>
  </ItemGroup>
  <ItemGroup>
    <None Include="Singularity.States.ruleset" />
  </ItemGroup>
</Project>