<?xml version="1.0" encoding="utf-8"?>
<Project ToolsVersion="4.0" xmlns="http://schemas.microsoft.com/developer/msbuild/2003">
  <ItemGroup>
    <Filter Include="Source Files">
      <UniqueIdentifier>{4FC737F1-C7A5-4376-A066-2A32D752A2FF}</UniqueIdentifier>
      <Extensions>cpp;c;cc;cxx;def;odl;idl;hpj;bat;asm;asmx</Extensions>
    </Filter>
    <Filter Include="Header Files">
      <UniqueIdentifier>{93995380-89BD-4b04-88EB-625FBE52EBFB}</UniqueIdentifier>
      <Extensions>h;hh;hpp;hxx;hm;inl;inc;xsd</Extensions>
    </Filter>
    <Filter Include="Resource Files">
      <UniqueIdentifier>{67DA6AB6-F800-4c08-8B7A-83BB121AAD01}</UniqueIdentifier>
      <Extensions>rc;ico;cur;bmp;dlg;rc2;rct;bin;rgs;gif;jpg;jpeg;jpe;resx;tiff;tif;png;wav;mfcribbon-ms</Extensions>
    </Filter>
  </ItemGroup>
  <ItemGroup>
    <ClInclude Include="Entities\Entity.h">
      <Filter>Header Files</Filter>
    </ClInclude>
    <ClInclude Include="Entities\Fleet.h">
      <Filter>Header Files</Filter>
    </ClInclude>
    <ClInclude Include="Entities\Wave.h">
      <Filter>Header Files</Filter>
    </ClInclude>
    <ClInclude Include="Requests\Request.h">
      <Filter>Header Files</Filter>
    </ClInclude>
    <ClInclude Include="Requests\RequestList.h">
      <Filter>Header Files</Filter>
    </ClInclude>
    <ClInclude Include="Space\Bodies\CircumstellarDisks\AsteroidBelt.h">
      <Filter>Header Files</Filter>
    </ClInclude>
    <ClInclude Include="Space\Bodies\CircumstellarDisks\ProtoplanetaryDisk.h">
      <Filter>Header Files</Filter>
    </ClInclude>
    <ClInclude Include="Space\Bodies\MinorPlanets\Asteroid.h">
      <Filter>Header Files</Filter>
    </ClInclude>
    <ClInclude Include="Space\Bodies\MinorPlanets\Comet.h">
      <Filter>Header Files</Filter>
    </ClInclude>
    <ClInclude Include="Space\Bodies\Planets\GasPlanet.h">
      <Filter>Header Files</Filter>
    </ClInclude>
    <ClInclude Include="Space\Bodies\Planets\Planet.h">
      <Filter>Header Files</Filter>
    </ClInclude>
    <ClInclude Include="Space\Bodies\Stars\EnclosedStar.h">
      <Filter>Header Files</Filter>
    </ClInclude>
    <ClInclude Include="Space\Bodies\Stars\Star.h">
      <Filter>Header Files</Filter>
    </ClInclude>
    <ClInclude Include="Space\StarchartObject.h">
      <Filter>Header Files</Filter>
    </ClInclude>
    <ClInclude Include="UserInterface\Camera\Camera.h">
      <Filter>Header Files</Filter>
    </ClInclude>
    <ClInclude Include="UserInterface\Cursor\Cursor.h">
      <Filter>Header Files</Filter>
    </ClInclude>
    <ClInclude Include="Life\Attributes\PhysicalAttribute.h">
      <Filter>Header Files</Filter>
    </ClInclude>
    <ClInclude Include="Life\Attributes\Relationship.h">
      <Filter>Header Files</Filter>
    </ClInclude>
    <ClInclude Include="Life\Species.h">
      <Filter>Header Files</Filter>
    </ClInclude>
    <ClInclude Include="Model.h">
      <Filter>Header Files</Filter>
    </ClInclude>
    <ClInclude Include="Space\Bodies\Stars\EventHorizon.h">
      <Filter>Header Files</Filter>
    </ClInclude>
    <ClInclude Include="Space\Bodies\CelestialBody.h">
      <Filter>Header Files</Filter>
    </ClInclude>
    <ClInclude Include="Requests\RequestTypes\SurveyRequest.h">
      <Filter>Header Files</Filter>
    </ClInclude>
    <ClInclude Include="Requests\RequestTypes\AttackRequest.h">
      <Filter>Header Files</Filter>
    </ClInclude>
    <ClInclude Include="Requests\ActionType.h">
      <Filter>Header Files</Filter>
    </ClInclude>
    <ClInclude Include="Game.h">
      <Filter>Header Files</Filter>
    </ClInclude>
    <ClInclude Include="Settings\GalacticVariables.h">
      <Filter>Header Files</Filter>
    </ClInclude>
    <ClInclude Include="Life\Figure.h">
      <Filter>Header Files</Filter>
    </ClInclude>
    <ClInclude Include="Settings\UniversalVariables.h">
      <Filter>Header Files</Filter>
    </ClInclude>
    <ClInclude Include="Space\SystemFactory.h">
      <Filter>Header Files</Filter>
    </ClInclude>
    <ClInclude Include="Settings\TagConstants.h">
      <Filter>Header Files</Filter>
    </ClInclude>
    <ClInclude Include="Life\SpeciesFactory.h">
      <Filter>Header Files</Filter>
    </ClInclude>
    <ClInclude Include="Entities\ShipComponents\ComponentAttributes.h">
      <Filter>Header Files</Filter>
    </ClInclude>
    <ClInclude Include="Entities\ShipComponents\ShipComponent.h">
      <Filter>Header Files</Filter>
    </ClInclude>
    <ClInclude Include="Physics\Calendar\Calendar.h">
      <Filter>Header Files</Filter>
    </ClInclude>
    <ClInclude Include="Terrain\MapTypes\LargeTerrainMap.h">
      <Filter>Header Files</Filter>
    </ClInclude>
    <ClInclude Include="Terrain\MapTypes\MediumTerrainMap.h">
      <Filter>Header Files</Filter>
    </ClInclude>
    <ClInclude Include="Terrain\MapTypes\SmallTerrainMap.h">
      <Filter>Header Files</Filter>
    </ClInclude>
    <ClInclude Include="Terrain\MapTypes\TinyTerrainMap.h">
      <Filter>Header Files</Filter>
    </ClInclude>
    <ClInclude Include="Terrain\TerrainFeatures\TerrainFeature.h">
      <Filter>Header Files</Filter>
    </ClInclude>
    <ClInclude Include="Terrain\Population.h">
      <Filter>Header Files</Filter>
    </ClInclude>
    <ClInclude Include="Terrain\TerrainMap.h">
      <Filter>Header Files</Filter>
    </ClInclude>
    <ClInclude Include="Terrain\Tile.h">
      <Filter>Header Files</Filter>
    </ClInclude>
    <ClInclude Include="Terrain\TerrainFeatures\Artificial\City.h">
      <Filter>Header Files</Filter>
    </ClInclude>
    <ClInclude Include="Terrain\TerrainFeatures\Natural\Forest.h">
      <Filter>Header Files</Filter>
    </ClInclude>
    <ClInclude Include="Space\Bodies\Planets\PlanetFactory.h">
      <Filter>Header Files</Filter>
    </ClInclude>
    <ClInclude Include="Civilization\Civilization.h">
      <Filter>Header Files</Filter>
    </ClInclude>
    <ClInclude Include="stdafx.h">
      <Filter>Header Files</Filter>
    </ClInclude>
    <ClInclude Include="Entities\Item.h">
      <Filter>Header Files</Filter>
    </ClInclude>
    <ClInclude Include="Terrain\TerrainFeatures\Artificial\Refinery.h">
      <Filter>Header Files</Filter>
    </ClInclude>
    <ClInclude Include="Terrain\TerrainFeatures\Artificial\Mine.h">
      <Filter>Header Files</Filter>
    </ClInclude>
    <ClInclude Include="Entities\Worker.h">
      <Filter>Header Files</Filter>
    </ClInclude>
    <ClInclude Include="Requests\RequestTypes\MoveEntityRequest.h">
      <Filter>Header Files</Filter>
    </ClInclude>
    <ClInclude Include="Terrain\TerrainFeatures\Artificial\Generator.h">
      <Filter>Header Files</Filter>
    </ClInclude>
    <ClInclude Include="Terrain\TerrainFeatures\Artificial\Farm.h">
      <Filter>Header Files</Filter>
    </ClInclude>
    <ClInclude Include="Terrain\TerrainFeatures\Artificial\Structure.h">
      <Filter>Header Files</Filter>
    </ClInclude>
    <ClInclude Include="Physics\Chemistry\Chemical.h">
      <Filter>Header Files</Filter>
    </ClInclude>
    <ClInclude Include="Physics\Chemistry\Compound.h">
      <Filter>Header Files</Filter>
    </ClInclude>
    <ClInclude Include="Physics\Chemistry\Element.h">
      <Filter>Header Files</Filter>
    </ClInclude>
    <ClInclude Include="Physics\Chemistry\Gigamole.h">
      <Filter>Header Files</Filter>
    </ClInclude>
  </ItemGroup>
  <ItemGroup>
    <ClCompile Include="Entities\Entity.cpp">
      <Filter>Source Files</Filter>
    </ClCompile>
    <ClCompile Include="Entities\Fleet.cpp">
      <Filter>Source Files</Filter>
    </ClCompile>
    <ClCompile Include="Entities\Wave.cpp">
      <Filter>Source Files</Filter>
    </ClCompile>
    <ClCompile Include="Requests\Request.cpp">
      <Filter>Source Files</Filter>
    </ClCompile>
    <ClCompile Include="Requests\RequestList.cpp">
      <Filter>Source Files</Filter>
    </ClCompile>
    <ClCompile Include="Space\Bodies\CircumstellarDisks\AsteroidBelt.cpp">
      <Filter>Source Files</Filter>
    </ClCompile>
    <ClCompile Include="Space\Bodies\CircumstellarDisks\ProtoplanetaryDisk.cpp">
      <Filter>Source Files</Filter>
    </ClCompile>
    <ClCompile Include="Space\Bodies\MinorPlanets\Asteroid.cpp">
      <Filter>Source Files</Filter>
    </ClCompile>
    <ClCompile Include="Space\Bodies\MinorPlanets\Comet.cpp">
      <Filter>Source Files</Filter>
    </ClCompile>
    <ClCompile Include="Space\Bodies\Planets\GasPlanet.cpp">
      <Filter>Source Files</Filter>
    </ClCompile>
    <ClCompile Include="Space\Bodies\Planets\Planet.cpp">
      <Filter>Source Files</Filter>
    </ClCompile>
    <ClCompile Include="Space\Bodies\Stars\EnclosedStar.cpp">
      <Filter>Source Files</Filter>
    </ClCompile>
    <ClCompile Include="Space\Bodies\Stars\Star.cpp">
      <Filter>Source Files</Filter>
    </ClCompile>
    <ClCompile Include="Space\StarchartObject.cpp">
      <Filter>Source Files</Filter>
    </ClCompile>
    <ClCompile Include="UserInterface\Camera\Camera.cpp">
      <Filter>Source Files</Filter>
    </ClCompile>
    <ClCompile Include="UserInterface\Cursor\Cursor.cpp">
      <Filter>Source Files</Filter>
    </ClCompile>
    <ClCompile Include="Life\Attributes\PhysicalAttribute.cpp">
      <Filter>Source Files</Filter>
    </ClCompile>
    <ClCompile Include="Life\Species.cpp">
      <Filter>Source Files</Filter>
    </ClCompile>
    <ClCompile Include="Model.cpp">
      <Filter>Source Files</Filter>
    </ClCompile>
    <ClCompile Include="Space\Bodies\Stars\EventHorizon.cpp">
      <Filter>Source Files</Filter>
    </ClCompile>
    <ClCompile Include="Space\Bodies\CelestialBody.cpp">
      <Filter>Source Files</Filter>
    </ClCompile>
    <ClCompile Include="Requests\RequestTypes\SurveyRequest.cpp">
      <Filter>Source Files</Filter>
    </ClCompile>
    <ClCompile Include="Requests\RequestTypes\AttackRequest.cpp">
      <Filter>Source Files</Filter>
    </ClCompile>
    <ClCompile Include="Game.cpp">
      <Filter>Source Files</Filter>
    </ClCompile>
    <ClCompile Include="Settings\GalacticVariables.cpp">
      <Filter>Source Files</Filter>
    </ClCompile>
    <ClCompile Include="Life\Figure.cpp">
      <Filter>Source Files</Filter>
    </ClCompile>
    <ClCompile Include="Settings\UniversalVariables.cpp">
      <Filter>Source Files</Filter>
    </ClCompile>
    <ClCompile Include="Space\SystemFactory.cpp">
      <Filter>Source Files</Filter>
    </ClCompile>
    <ClCompile Include="Settings\TagConstants.cpp">
      <Filter>Source Files</Filter>
    </ClCompile>
    <ClCompile Include="Life\SpeciesFactory.cpp">
      <Filter>Source Files</Filter>
    </ClCompile>
    <ClCompile Include="Entities\ShipComponents\ShipComponent.cpp">
      <Filter>Source Files</Filter>
    </ClCompile>
    <ClCompile Include="Physics\Calendar\Calendar.cpp">
      <Filter>Source Files</Filter>
    </ClCompile>
    <ClCompile Include="Terrain\TerrainFeatures\TerrainFeature.cpp">
      <Filter>Source Files</Filter>
    </ClCompile>
    <ClCompile Include="Terrain\Population.cpp">
      <Filter>Source Files</Filter>
    </ClCompile>
    <ClCompile Include="Terrain\TerrainMap.cpp">
      <Filter>Source Files</Filter>
    </ClCompile>
    <ClCompile Include="Terrain\Tile.cpp">
      <Filter>Source Files</Filter>
    </ClCompile>
    <ClCompile Include="Terrain\TerrainFeatures\Artificial\City.cpp">
      <Filter>Source Files</Filter>
    </ClCompile>
    <ClCompile Include="Terrain\TerrainFeatures\Natural\Forest.cpp">
      <Filter>Source Files</Filter>
    </ClCompile>
    <ClCompile Include="Space\Bodies\Planets\PlanetFactory.cpp">
      <Filter>Source Files</Filter>
    </ClCompile>
    <ClCompile Include="Civilization\Civilization.cpp">
      <Filter>Source Files</Filter>
    </ClCompile>
    <ClCompile Include="stdafx.cpp">
      <Filter>Source Files</Filter>
    </ClCompile>
    <ClCompile Include="Entities\Item.cpp">
      <Filter>Source Files</Filter>
    </ClCompile>
    <ClCompile Include="Terrain\TerrainFeatures\Artificial\Mine.cpp">
      <Filter>Source Files</Filter>
    </ClCompile>
    <ClCompile Include="Terrain\TerrainFeatures\Artificial\Refinery.cpp">
      <Filter>Source Files</Filter>
    </ClCompile>
    <ClCompile Include="Entities\Worker.cpp">
      <Filter>Source Files</Filter>
    </ClCompile>
    <ClCompile Include="Requests\RequestTypes\MoveEntityRequest.cpp">
      <Filter>Source Files</Filter>
    </ClCompile>
    <ClCompile Include="Terrain\TerrainFeatures\Artificial\Generator.cpp">
      <Filter>Source Files</Filter>
    </ClCompile>
    <ClCompile Include="Terrain\TerrainFeatures\Artificial\Farm.cpp">
      <Filter>Source Files</Filter>
    </ClCompile>
    <ClCompile Include="Terrain\TerrainFeatures\Artificial\Structure.cpp">
      <Filter>Source Files</Filter>
    </ClCompile>
    <ClCompile Include="Physics\Chemistry\Chemical.cpp">
      <Filter>Source Files</Filter>
    </ClCompile>
    <ClCompile Include="Physics\Chemistry\Compound.cpp">
      <Filter>Source Files</Filter>
    </ClCompile>
    <ClCompile Include="Physics\Chemistry\Element.cpp">
      <Filter>Source Files</Filter>
    </ClCompile>
    <ClCompile Include="Physics\Chemistry\Gigamole.cpp">
      <Filter>Source Files</Filter>
    </ClCompile>
    <ClCompile Include="Entities\ShipComponents\ComponentAttributes.cpp">
      <Filter>Source Files</Filter>
    </ClCompile>
  </ItemGroup>
</Project>